
Microsoft Visual Studio Solution File, Format Version 12.00
# Visual Studio Version 17
VisualStudioVersion = 17.12.35527.113
MinimumVisualStudioVersion = 10.0.40219.1
Project("{FAE04EC0-301F-11D3-BF4B-00C04F79EFBC}") = "BlogAPI", "BlogAPI\BlogAPI.csproj", "{EA7BEF44-DB4B-4DEB-8A55-572FA977957D}"
EndProject
Project("{FAE04EC0-301F-11D3-BF4B-00C04F79EFBC}") = "BlogAPI.Testing", "BlogAPI.Testing\BlogAPI.Testing.csproj", "{72CC11E7-F22A-4D02-A2D4-5DEFD6C02E04}"
EndProject
Global
	GlobalSection(SolutionConfigurationPlatforms) = preSolution
		Debug|Any CPU = Debug|Any CPU
		Release|Any CPU = Release|Any CPU
	EndGlobalSection
	GlobalSection(ProjectConfigurationPlatforms) = postSolution
		{EA7BEF44-DB4B-4DEB-8A55-572FA977957D}.Debug|Any CPU.ActiveCfg = Debug|Any CPU
		{EA7BEF44-DB4B-4DEB-8A55-572FA977957D}.Debug|Any CPU.Build.0 = Debug|Any CPU
		{EA7BEF44-DB4B-4DEB-8A55-572FA977957D}.Release|Any CPU.ActiveCfg = Release|Any CPU
		{EA7BEF44-DB4B-4DEB-8A55-572FA977957D}.Release|Any CPU.Build.0 = Release|Any CPU
		{72CC11E7-F22A-4D02-A2D4-5DEFD6C02E04}.Debug|Any CPU.ActiveCfg = Debug|Any CPU
		{72CC11E7-F22A-4D02-A2D4-5DEFD6C02E04}.Debug|Any CPU.Build.0 = Debug|Any CPU
		{72CC11E7-F22A-4D02-A2D4-5DEFD6C02E04}.Release|Any CPU.ActiveCfg = Release|Any CPU
		{72CC11E7-F22A-4D02-A2D4-5DEFD6C02E04}.Release|Any CPU.Build.0 = Release|Any CPU
	EndGlobalSection
	GlobalSection(SolutionProperties) = preSolution
		HideSolutionNode = FALSE
	EndGlobalSection
EndGlobal
